Microsoft Visual Studio Solution File, Format Version 12.00
# Visual Studio Version 17
VisualStudioVersion = 17.5.2.0
MinimumVisualStudioVersion = 10.0.40219.1
Project("{FAE04EC0-301F-11D3-BF4B-00C04F79EFBC}") = "GeneradorDBST", "GeneradorDBST.csproj", "{5C979779-E0EF-9FB2-4D34-A4B3D68191B0}"
EndProject
Global
	GlobalSection(SolutionConfigurationPlatforms) = preSolution
		Debug|Any CPU = Debug|Any CPU
		Release|Any CPU = Release|Any CPU
	EndGlobalSection
	GlobalSection(ProjectConfigurationPlatforms) = postSolution
		{5C979779-E0EF-9FB2-4D34-A4B3D68191B0}.Debug|Any CPU.ActiveCfg = Debug|Any CPU
		{5C979779-E0EF-9FB2-4D34-A4B3D68191B0}.Debug|Any CPU.Build.0 = Debug|Any CPU
		{5C979779-E0EF-9FB2-4D34-A4B3D68191B0}.Release|Any CPU.ActiveCfg = Release|Any CPU
		{5C979779-E0EF-9FB2-4D34-A4B3D68191B0}.Release|Any CPU.Build.0 = Release|Any CPU
	EndGlobalSection
	GlobalSection(SolutionProperties) = preSolution
		HideSolutionNode = FALSE
	EndGlobalSection
	GlobalSection(ExtensibilityGlobals) = postSolution
		SolutionGuid = {06DAE3F1-9C8F-476D-9453-F52583B2513C}
	EndGlobalSection
EndGlobal
